
Microsoft Visual Studio Solution File, Format Version 12.00
# Visual Studio Version 17
VisualStudioVersion = 17.3.32901.215
MinimumVisualStudioVersion = 10.0.40219.1
Project("{9A19103F-16F7-4668-BE54-9A1E7A4F7556}") = "Tevux.Software.RobustClipboard", "Tevux.Software.RobustClipboard\Tevux.Software.RobustClipboard.csproj", "{651C8DBE-36A2-4E5E-B93A-D9F2DE1AB522}"
EndProject
Global
	GlobalSection(SolutionConfigurationPlatforms) = preSolution
		Debug|Any CPU = Debug|Any CPU
		Release|Any CPU = Release|Any CPU
	EndGlobalSection
	GlobalSection(ProjectConfigurationPlatforms) = postSolution
		{651C8DBE-36A2-4E5E-B93A-D9F2DE1AB522}.Debug|Any CPU.ActiveCfg = Debug|Any CPU
		{651C8DBE-36A2-4E5E-B93A-D9F2DE1AB522}.Debug|Any CPU.Build.0 = Debug|Any CPU
		{651C8DBE-36A2-4E5E-B93A-D9F2DE1AB522}.Release|Any CPU.ActiveCfg = Release|Any CPU
		{651C8DBE-36A2-4E5E-B93A-D9F2DE1AB522}.Release|Any CPU.Build.0 = Release|Any CPU
	EndGlobalSection
	GlobalSection(SolutionProperties) = preSolution
		HideSolutionNode = FALSE
	EndGlobalSection
	GlobalSection(ExtensibilityGlobals) = postSolution
		SolutionGuid = {0D08B136-5E9E-4EA9-8C96-A7AABC0AC708}
	EndGlobalSection
EndGlobal
